// !$*UTF8*$!
{
	archiveVersion = 1;
	classes = {
	};
	objectVersion = 55;
	objects = {

/* Begin PBXBuildFile section */
		9244543028BFAD8D00E2CB72 /* InputChecker.swift in Sources */ = {isa = PBXBuildFile; fileRef = 9244542F28BFAD8D00E2CB72 /* InputChecker.swift */; };
		9289DAB228B41F4D00003DEB /* AppDelegate.swift in Sources */ = {isa = PBXBuildFile; fileRef = 9289DAB128B41F4D00003DEB /* AppDelegate.swift */; };
		9289DAB428B41F4D00003DEB /* SceneDelegate.swift in Sources */ = {isa = PBXBuildFile; fileRef = 9289DAB328B41F4D00003DEB /* SceneDelegate.swift */; };
		9289DAB928B41F4D00003DEB /* Main.storyboard in Resources */ = {isa = PBXBuildFile; fileRef = 9289DAB728B41F4D00003DEB /* Main.storyboard */; };
		9289DABB28B41F4E00003DEB /* Assets.xcassets in Resources */ = {isa = PBXBuildFile; fileRef = 9289DABA28B41F4E00003DEB /* Assets.xcassets */; };
		9289DABE28B41F4E00003DEB /* LaunchScreen.storyboard in Resources */ = {isa = PBXBuildFile; fileRef = 9289DABC28B41F4E00003DEB /* LaunchScreen.storyboard */; };
		9289DAC628B4257A00003DEB /* TaskListController.swift in Sources */ = {isa = PBXBuildFile; fileRef = 9289DAC528B4257A00003DEB /* TaskListController.swift */; };
		9289DAC928B426A300003DEB /* Task.swift in Sources */ = {isa = PBXBuildFile; fileRef = 9289DAC828B426A300003DEB /* Task.swift */; };
		9289DACB28B4276900003DEB /* TaskStorage.swift in Sources */ = {isa = PBXBuildFile; fileRef = 9289DACA28B4276900003DEB /* TaskStorage.swift */; };
		9289DACF28B4327C00003DEB /* TaskCell.swift in Sources */ = {isa = PBXBuildFile; fileRef = 9289DACE28B4327C00003DEB /* TaskCell.swift */; };
		9289DAD128B5793600003DEB /* TaskEditController.swift in Sources */ = {isa = PBXBuildFile; fileRef = 9289DAD028B5793600003DEB /* TaskEditController.swift */; };
		9289DAD428B581EA00003DEB /* TaskTypeCell.swift in Sources */ = {isa = PBXBuildFile; fileRef = 9289DAD228B581EA00003DEB /* TaskTypeCell.swift */; };
		9289DAD528B581EA00003DEB /* TaskTypeCell.xib in Resources */ = {isa = PBXBuildFile; fileRef = 9289DAD328B581EA00003DEB /* TaskTypeCell.xib */; };
		9289DAD728B589F800003DEB /* TaskTypeController.swift in Sources */ = {isa = PBXBuildFile; fileRef = 9289DAD628B589F800003DEB /* TaskTypeController.swift */; };
/* End PBXBuildFile section */

/* Begin PBXFileReference section */
		9244542F28BFAD8D00E2CB72 /* InputChecker.swift */ = {isa = PBXFileReference; lastKnownFileType = sourcecode.swift; path = InputChecker.swift; sourceTree = "<group>"; };
		9289DAAE28B41F4D00003DEB /* ToDo manager.app */ = {isa = PBXFileReference; explicitFileType = wrapper.application; includeInIndex = 0; path = "ToDo manager.app"; sourceTree = BUILT_PRODUCTS_DIR; };
		9289DAB128B41F4D00003DEB /* AppDelegate.swift */ = {isa = PBXFileReference; lastKnownFileType = sourcecode.swift; path = AppDelegate.swift; sourceTree = "<group>"; };
		9289DAB328B41F4D00003DEB /* SceneDelegate.swift */ = {isa = PBXFileReference; lastKnownFileType = sourcecode.swift; path = SceneDelegate.swift; sourceTree = "<group>"; };
		9289DAB828B41F4D00003DEB /* Base */ = {isa = PBXFileReference; lastKnownFileType = file.storyboard; name = Base; path = Base.lproj/Main.storyboard; sourceTree = "<group>"; };
		9289DABA28B41F4E00003DEB /* Assets.xcassets */ = {isa = PBXFileReference; lastKnownFileType = folder.assetcatalog; path = Assets.xcassets; sourceTree = "<group>"; };
		9289DABD28B41F4E00003DEB /* Base */ = {isa = PBXFileReference; lastKnownFileType = file.storyboard; name = Base; path = Base.lproj/LaunchScreen.storyboard; sourceTree = "<group>"; };
		9289DABF28B41F4E00003DEB /* Info.plist */ = {isa = PBXFileReference; lastKnownFileType = text.plist.xml; path = Info.plist; sourceTree = "<group>"; };
		9289DAC528B4257A00003DEB /* TaskListController.swift */ = {isa = PBXFileReference; lastKnownFileType = sourcecode.swift; path = TaskListController.swift; sourceTree = "<group>"; };
		9289DAC828B426A300003DEB /* Task.swift */ = {isa = PBXFileReference; lastKnownFileType = sourcecode.swift; path = Task.swift; sourceTree = "<group>"; };
		9289DACA28B4276900003DEB /* TaskStorage.swift */ = {isa = PBXFileReference; lastKnownFileType = sourcecode.swift; path = TaskStorage.swift; sourceTree = "<group>"; };
		9289DACE28B4327C00003DEB /* TaskCell.swift */ = {isa = PBXFileReference; lastKnownFileType = sourcecode.swift; path = TaskCell.swift; sourceTree = "<group>"; };
		9289DAD028B5793600003DEB /* TaskEditController.swift */ = {isa = PBXFileReference; lastKnownFileType = sourcecode.swift; path = TaskEditController.swift; sourceTree = "<group>"; };
		9289DAD228B581EA00003DEB /* TaskTypeCell.swift */ = {isa = PBXFileReference; lastKnownFileType = sourcecode.swift; path = TaskTypeCell.swift; sourceTree = "<group>"; };
		9289DAD328B581EA00003DEB /* TaskTypeCell.xib */ = {isa = PBXFileReference; lastKnownFileType = file.xib; path = TaskTypeCell.xib; sourceTree = "<group>"; };
		9289DAD628B589F800003DEB /* TaskTypeController.swift */ = {isa = PBXFileReference; lastKnownFileType = sourcecode.swift; path = TaskTypeController.swift; sourceTree = "<group>"; };
/* End PBXFileReference section */

/* Begin PBXFrameworksBuildPhase section */
		9289DAAB28B41F4D00003DEB /* Frameworks */ = {
			isa = PBXFrameworksBuildPhase;
			buildActionMask = 2147483647;
			files = (
			);
			runOnlyForDeploymentPostprocessing = 0;
		};
/* End PBXFrameworksBuildPhase section */

/* Begin PBXGroup section */
		9244542E28BFAD6D00E2CB72 /* Helpers */ = {
			isa = PBXGroup;
			children = (
				9244542F28BFAD8D00E2CB72 /* InputChecker.swift */,
			);
			path = Helpers;
			sourceTree = "<group>";
		};
		9289DAA528B41F4D00003DEB = {
			isa = PBXGroup;
			children = (
				9244542E28BFAD6D00E2CB72 /* Helpers */,
				9289DACC28B4325500003DEB /* View */,
				9289DAC728B4269600003DEB /* Model */,
				9289DAB028B41F4D00003DEB /* ToDo manager */,
				9289DAAF28B41F4D00003DEB /* Products */,
			);
			sourceTree = "<group>";
		};
		9289DAAF28B41F4D00003DEB /* Products */ = {
			isa = PBXGroup;
			children = (
				9289DAAE28B41F4D00003DEB /* ToDo manager.app */,
			);
			name = Products;
			sourceTree = "<group>";
		};
		9289DAB028B41F4D00003DEB /* ToDo manager */ = {
			isa = PBXGroup;
			children = (
				9289DAB728B41F4D00003DEB /* Main.storyboard */,
				9289DABA28B41F4E00003DEB /* Assets.xcassets */,
				9289DABC28B41F4E00003DEB /* LaunchScreen.storyboard */,
				9289DABF28B41F4E00003DEB /* Info.plist */,
				9289DAB128B41F4D00003DEB /* AppDelegate.swift */,
				9289DAB328B41F4D00003DEB /* SceneDelegate.swift */,
				9289DAC528B4257A00003DEB /* TaskListController.swift */,
				9289DAD028B5793600003DEB /* TaskEditController.swift */,
				9289DAD628B589F800003DEB /* TaskTypeController.swift */,
			);
			path = "ToDo manager";
			sourceTree = "<group>";
		};
		9289DAC728B4269600003DEB /* Model */ = {
			isa = PBXGroup;
			children = (
				9289DAC828B426A300003DEB /* Task.swift */,
				9289DACA28B4276900003DEB /* TaskStorage.swift */,
			);
			path = Model;
			sourceTree = "<group>";
		};
		9289DACC28B4325500003DEB /* View */ = {
			isa = PBXGroup;
			children = (
				9289DACD28B4325C00003DEB /* Cells */,
			);
			path = View;
			sourceTree = "<group>";
		};
		9289DACD28B4325C00003DEB /* Cells */ = {
			isa = PBXGroup;
			children = (
				9289DACE28B4327C00003DEB /* TaskCell.swift */,
				9289DAD228B581EA00003DEB /* TaskTypeCell.swift */,
				9289DAD328B581EA00003DEB /* TaskTypeCell.xib */,
			);
			path = Cells;
			sourceTree = "<group>";
		};
/* End PBXGroup section */

/* Begin PBXNativeTarget section */
		9289DAAD28B41F4D00003DEB /* ToDo manager */ = {
			isa = PBXNativeTarget;
			buildConfigurationList = 9289DAC228B41F4E00003DEB /* Build configuration list for PBXNativeTarget "ToDo manager" */;
			buildPhases = (
				9289DAAA28B41F4D00003DEB /* Sources */,
				9289DAAB28B41F4D00003DEB /* Frameworks */,
				9289DAAC28B41F4D00003DEB /* Resources */,
			);
			buildRules = (
			);
			dependencies = (
			);
			name = "ToDo manager";
			productName = "ToDo manager";
			productReference = 9289DAAE28B41F4D00003DEB /* ToDo manager.app */;
			productType = "com.apple.product-type.application";
		};
/* End PBXNativeTarget section */

/* Begin PBXProject section */
		9289DAA628B41F4D00003DEB /* Project object */ = {
			isa = PBXProject;
			attributes = {
				BuildIndependentTargetsInParallel = 1;
				LastSwiftUpdateCheck = 1320;
				LastUpgradeCheck = 1320;
				TargetAttributes = {
					9289DAAD28B41F4D00003DEB = {
						CreatedOnToolsVersion = 13.2.1;
					};
				};
			};
			buildConfigurationList = 9289DAA928B41F4D00003DEB /* Build configuration list for PBXProject "ToDo manager" */;
			compatibilityVersion = "Xcode 13.0";
			developmentRegion = en;
			hasScannedForEncodings = 0;
			knownRegions = (
				en,
				Base,
			);
			mainGroup = 9289DAA528B41F4D00003DEB;
			productRefGroup = 9289DAAF28B41F4D00003DEB /* Products */;
			projectDirPath = "";
			projectRoot = "";
			targets = (
				9289DAAD28B41F4D00003DEB /* ToDo manager */,
			);
		};
/* End PBXProject section */

/* Begin PBXResourcesBuildPhase section */
		9289DAAC28B41F4D00003DEB /* Resources */ = {
			isa = PBXResourcesBuildPhase;
			buildActionMask = 2147483647;
			files = (
				9289DABE28B41F4E00003DEB /* LaunchScreen.storyboard in Resources */,
				9289DABB28B41F4E00003DEB /* Assets.xcassets in Resources */,
				9289DAD528B581EA00003DEB /* TaskTypeCell.xib in Resources */,
				9289DAB928B41F4D00003DEB /* Main.storyboard in Resources */,
			);
			runOnlyForDeploymentPostprocessing = 0;
		};
/* End PBXResourcesBuildPhase section */

/* Begin PBXSourcesBuildPhase section */
		9289DAAA28B41F4D00003DEB /* Sources */ = {
			isa = PBXSourcesBuildPhase;
			buildActionMask = 2147483647;
			files = (
				9244543028BFAD8D00E2CB72 /* InputChecker.swift in Sources */,
				9289DAD128B5793600003DEB /* TaskEditController.swift in Sources */,
				9289DACF28B4327C00003DEB /* TaskCell.swift in Sources */,
				9289DAD428B581EA00003DEB /* TaskTypeCell.swift in Sources */,
				9289DAD728B589F800003DEB /* TaskTypeController.swift in Sources */,
				9289DAC928B426A300003DEB /* Task.swift in Sources */,
				9289DAB228B41F4D00003DEB /* AppDelegate.swift in Sources */,
				9289DAB428B41F4D00003DEB /* SceneDelegate.swift in Sources */,
				9289DACB28B4276900003DEB /* TaskStorage.swift in Sources */,
				9289DAC628B4257A00003DEB /* TaskListController.swift in Sources */,
			);
			runOnlyForDeploymentPostprocessing = 0;
		};
/* End PBXSourcesBuildPhase section */

/* Begin PBXVariantGroup section */
		9289DAB728B41F4D00003DEB /* Main.storyboard */ = {
			isa = PBXVariantGroup;
			children = (
				9289DAB828B41F4D00003DEB /* Base */,
			);
			name = Main.storyboard;
			sourceTree = "<group>";
		};
		9289DABC28B41F4E00003DEB /* LaunchScreen.storyboard */ = {
			isa = PBXVariantGroup;
			children = (
				9289DABD28B41F4E00003DEB /* Base */,
			);
			name = LaunchScreen.storyboard;
			sourceTree = "<group>";
		};
/* End PBXVariantGroup section */

/* Begin XCBuildConfiguration section */
		9289DAC028B41F4E00003DEB /* Debug */ = {
			isa = XCBuildConfiguration;
			buildSettings = {
				ALWAYS_SEARCH_USER_PATHS = NO;
				CLANG_ANALYZER_NONNULL = YES;
				CLANG_ANALYZER_NUMBER_OBJECT_CONVERSION = YES_AGGRESSIVE;
				CLANG_CXX_LANGUAGE_STANDARD = "gnu++17";
				CLANG_CXX_LIBRARY = "libc++";
				CLANG_ENABLE_MODULES = YES;
				CLANG_ENABLE_OBJC_ARC = YES;
				CLANG_ENABLE_OBJC_WEAK = YES;
				CLANG_WARN_BLOCK_CAPTURE_AUTORELEASING = YES;
				CLANG_WARN_BOOL_CONVERSION = YES;
				CLANG_WARN_COMMA = YES;
				CLANG_WARN_CONSTANT_CONVERSION = YES;
				CLANG_WARN_DEPRECATED_OBJC_IMPLEMENTATIONS = YES;
				CLANG_WARN_DIRECT_OBJC_ISA_USAGE = YES_ERROR;
				CLANG_WARN_DOCUMENTATION_COMMENTS = YES;
				CLANG_WARN_EMPTY_BODY = YES;
				CLANG_WARN_ENUM_CONVERSION = YES;
				CLANG_WARN_INFINITE_RECURSION = YES;
				CLANG_WARN_INT_CONVERSION = YES;
				CLANG_WARN_NON_LITERAL_NULL_CONVERSION = YES;
				CLANG_WARN_OBJC_IMPLICIT_RETAIN_SELF = YES;
				CLANG_WARN_OBJC_LITERAL_CONVERSION = YES;
				CLANG_WARN_OBJC_ROOT_CLASS = YES_ERROR;
				CLANG_WARN_QUOTED_INCLUDE_IN_FRAMEWORK_HEADER = YES;
				CLANG_WARN_RANGE_LOOP_ANALYSIS = YES;
				CLANG_WARN_STRICT_PROTOTYPES = YES;
				CLANG_WARN_SUSPICIOUS_MOVE = YES;
				CLANG_WARN_UNGUARDED_AVAILABILITY = YES_AGGRESSIVE;
				CLANG_WARN_UNREACHABLE_CODE = YES;
				CLANG_WARN__DUPLICATE_METHOD_MATCH = YES;
				COPY_PHASE_STRIP = NO;
				DEBUG_INFORMATION_FORMAT = dwarf;
				ENABLE_STRICT_OBJC_MSGSEND = YES;
				ENABLE_TESTABILITY = YES;
				GCC_C_LANGUAGE_STANDARD = gnu11;
				GCC_DYNAMIC_NO_PIC = NO;
				GCC_NO_COMMON_BLOCKS = YES;
				GCC_OPTIMIZATION_LEVEL = 0;
				GCC_PREPROCESSOR_DEFINITIONS = (
					"DEBUG=1",
					"$(inherited)",
				);
				GCC_WARN_64_TO_32_BIT_CONVERSION = YES;
				GCC_WARN_ABOUT_RETURN_TYPE = YES_ERROR;
				GCC_WARN_UNDECLARED_SELECTOR = YES;
				GCC_WARN_UNINITIALIZED_AUTOS = YES_AGGRESSIVE;
				GCC_WARN_UNUSED_FUNCTION = YES;
				GCC_WARN_UNUSED_VARIABLE = YES;
				IPHONEOS_DEPLOYMENT_TARGET = 15.2;
				MTL_ENABLE_DEBUG_INFO = INCLUDE_SOURCE;
				MTL_FAST_MATH = YES;
				ONLY_ACTIVE_ARCH = YES;
				SDKROOT = iphoneos;
				SWIFT_ACTIVE_COMPILATION_CONDITIONS = DEBUG;
				SWIFT_OPTIMIZATION_LEVEL = "-Onone";
			};
			name = Debug;
		};
		9289DAC128B41F4E00003DEB /* Release */ = {
			isa = XCBuildConfiguration;
			buildSettings = {
				ALWAYS_SEARCH_USER_PATHS = NO;
				CLANG_ANALYZER_NONNULL = YES;
				CLANG_ANALYZER_NUMBER_OBJECT_CONVERSION = YES_AGGRESSIVE;
				CLANG_CXX_LANGUAGE_STANDARD = "gnu++17";
				CLANG_CXX_LIBRARY = "libc++";
				CLANG_ENABLE_MODULES = YES;
				CLANG_ENABLE_OBJC_ARC = YES;
				CLANG_ENABLE_OBJC_WEAK = YES;
				CLANG_WARN_BLOCK_CAPTURE_AUTORELEASING = YES;
				CLANG_WARN_BOOL_CONVERSION = YES;
				CLANG_WARN_COMMA = YES;
				CLANG_WARN_CONSTANT_CONVERSION = YES;
				CLANG_WARN_DEPRECATED_OBJC_IMPLEMENTATIONS = YES;
				CLANG_WARN_DIRECT_OBJC_ISA_USAGE = YES_ERROR;
				CLANG_WARN_DOCUMENTATION_COMMENTS = YES;
				CLANG_WARN_EMPTY_BODY = YES;
				CLANG_WARN_ENUM_CONVERSION = YES;
				CLANG_WARN_INFINITE_RECURSION = YES;
				CLANG_WARN_INT_CONVERSION = YES;
				CLANG_WARN_NON_LITERAL_NULL_CONVERSION = YES;
				CLANG_WARN_OBJC_IMPLICIT_RETAIN_SELF = YES;
				CLANG_WARN_OBJC_LITERAL_CONVERSION = YES;
				CLANG_WARN_OBJC_ROOT_CLASS = YES_ERROR;
				CLANG_WARN_QUOTED_INCLUDE_IN_FRAMEWORK_HEADER = YES;
				CLANG_WARN_RANGE_LOOP_ANALYSIS = YES;
				CLANG_WARN_STRICT_PROTOTYPES = YES;
				CLANG_WARN_SUSPICIOUS_MOVE = YES;
				CLANG_WARN_UNGUARDED_AVAILABILITY = YES_AGGRESSIVE;
				CLANG_WARN_UNREACHABLE_CODE = YES;
				CLANG_WARN__DUPLICATE_METHOD_MATCH = YES;
				COPY_PHASE_STRIP = NO;
				DEBUG_INFORMATION_FORMAT = "dwarf-with-dsym";
				ENABLE_NS_ASSERTIONS = NO;
				ENABLE_STRICT_OBJC_MSGSEND = YES;
				GCC_C_LANGUAGE_STANDARD = gnu11;
				GCC_NO_COMMON_BLOCKS = YES;
				GCC_WARN_64_TO_32_BIT_CONVERSION = YES;
				GCC_WARN_ABOUT_RETURN_TYPE = YES_ERROR;
				GCC_WARN_UNDECLARED_SELECTOR = YES;
				GCC_WARN_UNINITIALIZED_AUTOS = YES_AGGRESSIVE;
				GCC_WARN_UNUSED_FUNCTION = YES;
				GCC_WARN_UNUSED_VARIABLE = YES;
				IPHONEOS_DEPLOYMENT_TARGET = 15.2;
				MTL_ENABLE_DEBUG_INFO = NO;
				MTL_FAST_MATH = YES;
				SDKROOT = iphoneos;
				SWIFT_COMPILATION_MODE = wholemodule;
				SWIFT_OPTIMIZATION_LEVEL = "-O";
				VALIDATE_PRODUCT = YES;
			};
			name = Release;
		};
		9289DAC328B41F4E00003DEB /* Debug */ = {
			isa = XCBuildConfiguration;
			buildSettings = {
				ASSETCATALOG_COMPILER_APPICON_NAME = AppIcon;
				ASSETCATALOG_COMPILER_GLOBAL_ACCENT_COLOR_NAME = AccentColor;
				CODE_SIGN_STYLE = Automatic;
				CURRENT_PROJECT_VERSION = 1;
				DEVELOPMENT_TEAM = 95VHSTU4WC;
				GENERATE_INFOPLIST_FILE = YES;
				INFOPLIST_FILE = "ToDo manager/Info.plist";
				INFOPLIST_KEY_UIApplicationSupportsIndirectInputEvents = YES;
				INFOPLIST_KEY_UILaunchStoryboardName = LaunchScreen;
				INFOPLIST_KEY_UIMainStoryboardFile = Main;
				INFOPLIST_KEY_UISupportedInterfaceOrientations_iPad = "UIInterfaceOrientationPortrait UIInterfaceOrientationPortraitUpsideDown UIInterfaceOrientationLandscapeLeft UIInterfaceOrientationLandscapeRight";
				INFOPLIST_KEY_UISupportedInterfaceOrientations_iPhone = "UIInterfaceOrientationPortrait UIInterfaceOrientationLandscapeLeft UIInterfaceOrientationLandscapeRight";
				IPHONEOS_DEPLOYMENT_TARGET = 15.1;
				LD_RUNPATH_SEARCH_PATHS = (
					"$(inherited)",
					"@executable_path/Frameworks",
				);
				MARKETING_VERSION = 1.1;
				PRODUCT_BUNDLE_IDENTIFIER = "denissidorenko.ToDo-manager";
				PRODUCT_NAME = "$(TARGET_NAME)";
				SWIFT_EMIT_LOC_STRINGS = YES;
				SWIFT_VERSION = 5.0;
				TARGETED_DEVICE_FAMILY = "1,2";
			};
			name = Debug;
		};
		9289DAC428B41F4E00003DEB /* Release */ = {
			isa = XCBuildConfiguration;
			buildSettings = {
				ASSETCATALOG_COMPILER_APPICON_NAME = AppIcon;
				ASSETCATALOG_COMPILER_GLOBAL_ACCENT_COLOR_NAME = AccentColor;
				CODE_SIGN_STYLE = Automatic;
				CURRENT_PROJECT_VERSION = 1;
				DEVELOPMENT_TEAM = 95VHSTU4WC;
				GENERATE_INFOPLIST_FILE = YES;
				INFOPLIST_FILE = "ToDo manager/Info.plist";
				INFOPLIST_KEY_UIApplicationSupportsIndirectInputEvents = YES;
				INFOPLIST_KEY_UILaunchStoryboardName = LaunchScreen;
				INFOPLIST_KEY_UIMainStoryboardFile = Main;
				INFOPLIST_KEY_UISupportedInterfaceOrientations_iPad = "UIInterfaceOrientationPortrait UIInterfaceOrientationPortraitUpsideDown UIInterfaceOrientationLandscapeLeft UIInterfaceOrientationLandscapeRight";
				INFOPLIST_KEY_UISupportedInterfaceOrientations_iPhone = "UIInterfaceOrientationPortrait UIInterfaceOrientationLandscapeLeft UIInterfaceOrientationLandscapeRight";
				IPHONEOS_DEPLOYMENT_TARGET = 15.1;
				LD_RUNPATH_SEARCH_PATHS = (
					"$(inherited)",
					"@executable_path/Frameworks",
				);
				MARKETING_VERSION = 1.1;
				PRODUCT_BUNDLE_IDENTIFIER = "denissidorenko.ToDo-manager";
				PRODUCT_NAME = "$(TARGET_NAME)";
				SWIFT_EMIT_LOC_STRINGS = YES;
				SWIFT_VERSION = 5.0;
				TARGETED_DEVICE_FAMILY = "1,2";
			};
			name = Release;
		};
/* End XCBuildConfiguration section */

/* Begin XCConfigurationList section */
		9289DAA928B41F4D00003DEB /* Build configuration list for PBXProject "ToDo manager" */ = {
			isa = XCConfigurationList;
			buildConfigurations = (
				9289DAC028B41F4E00003DEB /* Debug */,
				9289DAC128B41F4E00003DEB /* Release */,
			);
			defaultConfigurationIsVisible = 0;
			defaultConfigurationName = Release;
		};
		9289DAC228B41F4E00003DEB /* Build configuration list for PBXNativeTarget "ToDo manager" */ = {
			isa = XCConfigurationList;
			buildConfigurations = (
				9289DAC328B41F4E00003DEB /* Debug */,
				9289DAC428B41F4E00003DEB /* Release */,
			);
			defaultConfigurationIsVisible = 0;
			defaultConfigurationName = Release;
		};
/* End XCConfigurationList section */
	};
	rootObject = 9289DAA628B41F4D00003DEB /* Project object */;
}
